
Microsoft Visual Studio Solution File, Format Version 12.00
# Visual Studio Version 16
VisualStudioVersion = 16.0.30503.244
MinimumVisualStudioVersion = 10.0.40219.1
Project("{FAE04EC0-301F-11D3-BF4B-00C04F79EFBC}") = "MultipleLogs", "MultipleLogs\MultipleLogs.csproj", "{71A49B99-91F3-4BFC-921C-315DF5CFCD95}"
EndProject
Global
	GlobalSection(SolutionConfigurationPlatforms) = preSolution
		Debug|Any CPU = Debug|Any CPU
		Release|Any CPU = Release|Any CPU
	EndGlobalSection
	GlobalSection(ProjectConfigurationPlatforms) = postSolution
		{71A49B99-91F3-4BFC-921C-315DF5CFCD95}.Debug|Any CPU.ActiveCfg = Debug|Any CPU
		{71A49B99-91F3-4BFC-921C-315DF5CFCD95}.Debug|Any CPU.Build.0 = Debug|Any CPU
		{71A49B99-91F3-4BFC-921C-315DF5CFCD95}.Release|Any CPU.ActiveCfg = Release|Any CPU
		{71A49B99-91F3-4BFC-921C-315DF5CFCD95}.Release|Any CPU.Build.0 = Release|Any CPU
	EndGlobalSection
	GlobalSection(SolutionProperties) = preSolution
		HideSolutionNode = FALSE
	EndGlobalSection
	GlobalSection(ExtensibilityGlobals) = postSolution
		SolutionGuid = {CD3D5E79-49B9-4685-9CBB-A01D6A210DDF}
	EndGlobalSection
EndGlobal
